
Microsoft Visual Studio Solution File, Format Version 12.00
# Visual Studio 14
VisualStudioVersion = 14.0.25123.0
MinimumVisualStudioVersion = 10.0.40219.1
Project("{FAE04EC0-301F-11D3-BF4B-00C04F79EFBC}") = "Productivity Tracker", "Productivity Tracker\Productivity Tracker.csproj", "{1B121C0A-61EB-44ED-989B-F1DD7156DBFE}"
EndProject
Global
	GlobalSection(SolutionConfigurationPlatforms) = preSolution
		Ad-Hoc|iPhone = Ad-Hoc|iPhone
		Ad-Hoc|iPhoneSimulator = Ad-Hoc|iPhoneSimulator
		AppStore|iPhone = AppStore|iPhone
		AppStore|iPhoneSimulator = AppStore|iPhoneSimulator
		Debug|iPhone = Debug|iPhone
		Debug|iPhoneSimulator = Debug|iPhoneSimulator
		Release|iPhone = Release|iPhone
		Release|iPhoneSimulator = Release|iPhoneSimulator
	EndGlobalSection
	GlobalSection(ProjectConfigurationPlatforms) = postSolution
		{1B121C0A-61EB-44ED-989B-F1DD7156DBFE}.Ad-Hoc|iPhone.ActiveCfg = Ad-Hoc|iPhone
		{1B121C0A-61EB-44ED-989B-F1DD7156DBFE}.Ad-Hoc|iPhone.Build.0 = Ad-Hoc|iPhone
		{1B121C0A-61EB-44ED-989B-F1DD7156DBFE}.Ad-Hoc|iPhoneSimulator.ActiveCfg = Ad-Hoc|iPhoneSimulator
		{1B121C0A-61EB-44ED-989B-F1DD7156DBFE}.Ad-Hoc|iPhoneSimulator.Build.0 = Ad-Hoc|iPhoneSimulator
		{1B121C0A-61EB-44ED-989B-F1DD7156DBFE}.AppStore|iPhone.ActiveCfg = AppStore|iPhone
		{1B121C0A-61EB-44ED-989B-F1DD7156DBFE}.AppStore|iPhone.Build.0 = AppStore|iPhone
		{1B121C0A-61EB-44ED-989B-F1DD7156DBFE}.AppStore|iPhoneSimulator.ActiveCfg = AppStore|iPhoneSimulator
		{1B121C0A-61EB-44ED-989B-F1DD7156DBFE}.AppStore|iPhoneSimulator.Build.0 = AppStore|iPhoneSimulator
		{1B121C0A-61EB-44ED-989B-F1DD7156DBFE}.Debug|iPhone.ActiveCfg = Debug|iPhone
		{1B121C0A-61EB-44ED-989B-F1DD7156DBFE}.Debug|iPhone.Build.0 = Debug|iPhone
		{1B121C0A-61EB-44ED-989B-F1DD7156DBFE}.Debug|iPhoneSimulator.ActiveCfg = Debug|iPhoneSimulator
		{1B121C0A-61EB-44ED-989B-F1DD7156DBFE}.Debug|iPhoneSimulator.Build.0 = Debug|iPhoneSimulator
		{1B121C0A-61EB-44ED-989B-F1DD7156DBFE}.Release|iPhone.ActiveCfg = Release|iPhone
		{1B121C0A-61EB-44ED-989B-F1DD7156DBFE}.Release|iPhone.Build.0 = Release|iPhone
		{1B121C0A-61EB-44ED-989B-F1DD7156DBFE}.Release|iPhoneSimulator.ActiveCfg = Release|iPhoneSimulator
		{1B121C0A-61EB-44ED-989B-F1DD7156DBFE}.Release|iPhoneSimulator.Build.0 = Release|iPhoneSimulator
	EndGlobalSection
	GlobalSection(SolutionProperties) = preSolution
		HideSolutionNode = FALSE
	EndGlobalSection
EndGlobal
